{
  "name": "js-cel-repl",
  "version": "1.0.0",
  "lockfileVersion": 3,
  "requires": true,
  "packages": {
    "": {
      "name": "js-cel-repl",
      "version": "1.0.0",
      "license": "ISC",
      "dependencies": {
        "@bufbuild/cel": "^0.3.0"
      },
      "devDependencies": {
        "@types/node": "^24.10.1"
      }
    },
    "node_modules/@bufbuild/cel": {
      "version": "0.3.0",
      "resolved": "https://registry.npmjs.org/@bufbuild/cel/-/cel-0.3.0.tgz",
      "integrity": "sha512-vIdcn0Ot6XDKakcDqEQvvlCtMlYwLlxc++SrVjjCmYIiZRH+tlr1GRYpe5R9kguSiTS3BLh7C+I7ZoektVPICQ==",
      "license": "Apache-2.0",
      "dependencies": {
        "@bufbuild/cel-spec": "0.3.0"
      },
      "peerDependencies": {
        "@bufbuild/protobuf": "^2.6.2"
      }
    },
    "node_modules/@bufbuild/cel-spec": {
      "version": "0.3.0",
      "resolved": "https://registry.npmjs.org/@bufbuild/cel-spec/-/cel-spec-0.3.0.tgz",
      "integrity": "sha512-mN669LGlXkYNco6NzSTpFoW52UwGb0h5UJNct43nkOjk9YrgUtzcBn9PfjrwbyAe3OlUtasvXAFf1Tjs3NQLOg==",
      "license": "Apache-2.0",
      "peerDependencies": {
        "@bufbuild/protobuf": "^2.6.2"
      }
    },
    "node_modules/@bufbuild/protobuf": {
      "version": "2.10.1",
      "resolved": "https://registry.npmjs.org/@bufbuild/protobuf/-/protobuf-2.10.1.tgz",
      "integrity": "sha512-ckS3+vyJb5qGpEYv/s1OebUHDi/xSNtfgw1wqKZo7MR9F2z+qXr0q5XagafAG/9O0QPVIUfST0smluYSTpYFkg==",
      "license": "(Apache-2.0 AND BSD-3-Clause)",
      "peer": true
    },
    "node_modules/@types/node": {
      "version": "24.10.1",
      "resolved": "https://registry.npmjs.org/@types/node/-/node-24.10.1.tgz",
      "integrity": "sha512-GNWcUTRBgIRJD5zj+Tq0fKOJ5XZajIiBroOF0yvj2bSU1WvNdYS/dn9UxwsujGW4JX06dnHyjV2y9rRaybH0iQ==",
      "dev": true,
      "license": "MIT",
      "dependencies": {
        "undici-types": "~7.16.0"
      }
    },
    "node_modules/undici-types": {
      "version": "7.16.0",
      "resolved": "https://registry.npmjs.org/undici-types/-/undici-types-7.16.0.tgz",
      "integrity": "sha512-Zz+aZWSj8LE6zoxD+xrjh4VfkIG8Ya6LvYkZqtUQGJPZjYl53ypCaUwWqo7eI0x66KBGeRo+mlBEkMSeSZ38Nw==",
      "dev": true,
      "license": "MIT"
    }
  }
}
